
Microsoft Visual Studio Solution File, Format Version 12.00
# Visual Studio 14
VisualStudioVersion = 14.0.25123.0
MinimumVisualStudioVersion = 10.0.40219.1
Project("{FAE04EC0-301F-11D3-BF4B-00C04F79EFBC}") = "UnitTestProject1", "UnitTestProject1\UnitTestProject1.csproj", "{84F5A011-9B05-4CC5-902D-4B0C51CBBE3A}"
EndProject
Project("{FAE04EC0-301F-11D3-BF4B-00C04F79EFBC}") = "MatroCodility", "MatroCodility\MatroCodility.csproj", "{6652D505-6B6D-4D39-B897-3C6E0A3607D8}"
EndProject
Global
	GlobalSection(SolutionConfigurationPlatforms) = preSolution
		Debug|Any CPU = Debug|Any CPU
		Release|Any CPU = Release|Any CPU
	EndGlobalSection
	GlobalSection(ProjectConfigurationPlatforms) = postSolution
		{84F5A011-9B05-4CC5-902D-4B0C51CBBE3A}.Debug|Any CPU.ActiveCfg = Debug|Any CPU
		{84F5A011-9B05-4CC5-902D-4B0C51CBBE3A}.Debug|Any CPU.Build.0 = Debug|Any CPU
		{84F5A011-9B05-4CC5-902D-4B0C51CBBE3A}.Release|Any CPU.ActiveCfg = Release|Any CPU
		{84F5A011-9B05-4CC5-902D-4B0C51CBBE3A}.Release|Any CPU.Build.0 = Release|Any CPU
		{6652D505-6B6D-4D39-B897-3C6E0A3607D8}.Debug|Any CPU.ActiveCfg = Debug|Any CPU
		{6652D505-6B6D-4D39-B897-3C6E0A3607D8}.Debug|Any CPU.Build.0 = Debug|Any CPU
		{6652D505-6B6D-4D39-B897-3C6E0A3607D8}.Release|Any CPU.ActiveCfg = Release|Any CPU
		{6652D505-6B6D-4D39-B897-3C6E0A3607D8}.Release|Any CPU.Build.0 = Release|Any CPU
	EndGlobalSection
	GlobalSection(SolutionProperties) = preSolution
		HideSolutionNode = FALSE
	EndGlobalSection
EndGlobal
